
Microsoft Visual Studio Solution File, Format Version 11.00
# Visual Studio 2010
# SharpDevelop 5.1
Project("{FAE04EC0-301F-11D3-BF4B-00C04F79EFBC}") = "Word-Login", "Word-Login\Word-Login.csproj", "{DAA241FD-AC87-4A29-8BDC-AF4058C2916A}"
EndProject
Global
	GlobalSection(SolutionConfigurationPlatforms) = preSolution
		Debug|Any CPU = Debug|Any CPU
		Release|Any CPU = Release|Any CPU
	EndGlobalSection
	GlobalSection(ProjectConfigurationPlatforms) = postSolution
		{DAA241FD-AC87-4A29-8BDC-AF4058C2916A}.Debug|Any CPU.ActiveCfg = Debug|Any CPU
		{DAA241FD-AC87-4A29-8BDC-AF4058C2916A}.Debug|Any CPU.Build.0 = Debug|Any CPU
		{DAA241FD-AC87-4A29-8BDC-AF4058C2916A}.Release|Any CPU.ActiveCfg = Release|Any CPU
		{DAA241FD-AC87-4A29-8BDC-AF4058C2916A}.Release|Any CPU.Build.0 = Release|Any CPU
	EndGlobalSection
EndGlobal
